// !$*UTF8*$!
{
	archiveVersion = 1;
	classes = {
	};
	objectVersion = 56;
	objects = {

/* Begin PBXBuildFile section */
		F54D75752B2FBF7600843BC0 /* MilkyWayCounterView.swift in Sources */ = {isa = PBXBuildFile; fileRef = F54D75742B2FBF7600843BC0 /* MilkyWayCounterView.swift */; };
		F5EF01B62B26A32A00466224 /* Grader3App.swift in Sources */ = {isa = PBXBuildFile; fileRef = F5EF01B52B26A32A00466224 /* Grader3App.swift */; };
		F5EF01B82B26A32A00466224 /* ApplicantListView.swift in Sources */ = {isa = PBXBuildFile; fileRef = F5EF01B72B26A32A00466224 /* ApplicantListView.swift */; };
		F5EF01BA2B26A32B00466224 /* Assets.xcassets in Resources */ = {isa = PBXBuildFile; fileRef = F5EF01B92B26A32B00466224 /* Assets.xcassets */; };
		F5EF01BE2B26A32B00466224 /* Preview Assets.xcassets in Resources */ = {isa = PBXBuildFile; fileRef = F5EF01BD2B26A32B00466224 /* Preview Assets.xcassets */; };
		F5EF01C62B27942F00466224 /* StylingBootCampView.swift in Sources */ = {isa = PBXBuildFile; fileRef = F5EF01C52B27942F00466224 /* StylingBootCampView.swift */; };
		F5EF01C92B27F9CA00466224 /* RockPaperScissors.swift in Sources */ = {isa = PBXBuildFile; fileRef = F5EF01C82B27F9CA00466224 /* RockPaperScissors.swift */; };
/* End PBXBuildFile section */

/* Begin PBXFileReference section */
		F54D75742B2FBF7600843BC0 /* MilkyWayCounterView.swift */ = {isa = PBXFileReference; lastKnownFileType = sourcecode.swift; path = MilkyWayCounterView.swift; sourceTree = "<group>"; };
		F5EF01B22B26A32A00466224 /* Grader3.app */ = {isa = PBXFileReference; explicitFileType = wrapper.application; includeInIndex = 0; path = Grader3.app; sourceTree = BUILT_PRODUCTS_DIR; };
		F5EF01B52B26A32A00466224 /* Grader3App.swift */ = {isa = PBXFileReference; lastKnownFileType = sourcecode.swift; path = Grader3App.swift; sourceTree = "<group>"; };
		F5EF01B72B26A32A00466224 /* ApplicantListView.swift */ = {isa = PBXFileReference; lastKnownFileType = sourcecode.swift; path = ApplicantListView.swift; sourceTree = "<group>"; };
		F5EF01B92B26A32B00466224 /* Assets.xcassets */ = {isa = PBXFileReference; lastKnownFileType = folder.assetcatalog; path = Assets.xcassets; sourceTree = "<group>"; };
		F5EF01BB2B26A32B00466224 /* Grader3.entitlements */ = {isa = PBXFileReference; lastKnownFileType = text.plist.entitlements; path = Grader3.entitlements; sourceTree = "<group>"; };
		F5EF01BD2B26A32B00466224 /* Preview Assets.xcassets */ = {isa = PBXFileReference; lastKnownFileType = folder.assetcatalog; path = "Preview Assets.xcassets"; sourceTree = "<group>"; };
		F5EF01C52B27942F00466224 /* StylingBootCampView.swift */ = {isa = PBXFileReference; lastKnownFileType = sourcecode.swift; path = StylingBootCampView.swift; sourceTree = "<group>"; };
		F5EF01C82B27F9CA00466224 /* RockPaperScissors.swift */ = {isa = PBXFileReference; lastKnownFileType = sourcecode.swift; path = RockPaperScissors.swift; sourceTree = "<group>"; };
/* End PBXFileReference section */

/* Begin PBXFrameworksBuildPhase section */
		F5EF01AF2B26A32A00466224 /* Frameworks */ = {
			isa = PBXFrameworksBuildPhase;
			buildActionMask = 2147483647;
			files = (
			);
			runOnlyForDeploymentPostprocessing = 0;
		};
/* End PBXFrameworksBuildPhase section */

/* Begin PBXGroup section */
		F5EF01A92B26A32A00466224 = {
			isa = PBXGroup;
			children = (
				F5EF01B42B26A32A00466224 /* Grader3 */,
				F5EF01B32B26A32A00466224 /* Products */,
			);
			sourceTree = "<group>";
		};
		F5EF01B32B26A32A00466224 /* Products */ = {
			isa = PBXGroup;
			children = (
				F5EF01B22B26A32A00466224 /* Grader3.app */,
			);
			name = Products;
			sourceTree = "<group>";
		};
		F5EF01B42B26A32A00466224 /* Grader3 */ = {
			isa = PBXGroup;
			children = (
				F5EF01C72B27F98300466224 /* RockPaperScissors */,
				F5EF01C42B27935700466224 /* StylingBootCamp */,
				F5EF01B52B26A32A00466224 /* Grader3App.swift */,
				F5EF01B72B26A32A00466224 /* ApplicantListView.swift */,
				F5EF01B92B26A32B00466224 /* Assets.xcassets */,
				F5EF01BB2B26A32B00466224 /* Grader3.entitlements */,
				F5EF01BC2B26A32B00466224 /* Preview Content */,
			);
			path = Grader3;
			sourceTree = "<group>";
		};
		F5EF01BC2B26A32B00466224 /* Preview Content */ = {
			isa = PBXGroup;
			children = (
				F5EF01BD2B26A32B00466224 /* Preview Assets.xcassets */,
			);
			path = "Preview Content";
			sourceTree = "<group>";
		};
		F5EF01C42B27935700466224 /* StylingBootCamp */ = {
			isa = PBXGroup;
			children = (
				F5EF01C52B27942F00466224 /* StylingBootCampView.swift */,
			);
			path = StylingBootCamp;
			sourceTree = "<group>";
		};
		F5EF01C72B27F98300466224 /* RockPaperScissors */ = {
			isa = PBXGroup;
			children = (
				F5EF01C82B27F9CA00466224 /* RockPaperScissors.swift */,
				F54D75742B2FBF7600843BC0 /* MilkyWayCounterView.swift */,
			);
			path = RockPaperScissors;
			sourceTree = "<group>";
		};
/* End PBXGroup section */

/* Begin PBXNativeTarget section */
		F5EF01B12B26A32A00466224 /* Grader3 */ = {
			isa = PBXNativeTarget;
			buildConfigurationList = F5EF01C12B26A32B00466224 /* Build configuration list for PBXNativeTarget "Grader3" */;
			buildPhases = (
				F5EF01AE2B26A32A00466224 /* Sources */,
				F5EF01AF2B26A32A00466224 /* Frameworks */,
				F5EF01B02B26A32A00466224 /* Resources */,
			);
			buildRules = (
			);
			dependencies = (
			);
			name = Grader3;
			productName = Grader3;
			productReference = F5EF01B22B26A32A00466224 /* Grader3.app */;
			productType = "com.apple.product-type.application";
		};
/* End PBXNativeTarget section */

/* Begin PBXProject section */
		F5EF01AA2B26A32A00466224 /* Project object */ = {
			isa = PBXProject;
			attributes = {
				BuildIndependentTargetsInParallel = 1;
				LastSwiftUpdateCheck = 1500;
				LastUpgradeCheck = 1500;
				TargetAttributes = {
					F5EF01B12B26A32A00466224 = {
						CreatedOnToolsVersion = 15.0.1;
					};
				};
			};
			buildConfigurationList = F5EF01AD2B26A32A00466224 /* Build configuration list for PBXProject "Grader3" */;
			compatibilityVersion = "Xcode 14.0";
			developmentRegion = en;
			hasScannedForEncodings = 0;
			knownRegions = (
				en,
				Base,
			);
			mainGroup = F5EF01A92B26A32A00466224;
			productRefGroup = F5EF01B32B26A32A00466224 /* Products */;
			projectDirPath = "";
			projectRoot = "";
			targets = (
				F5EF01B12B26A32A00466224 /* Grader3 */,
			);
		};
/* End PBXProject section */

/* Begin PBXResourcesBuildPhase section */
		F5EF01B02B26A32A00466224 /* Resources */ = {
			isa = PBXResourcesBuildPhase;
			buildActionMask = 2147483647;
			files = (
				F5EF01BE2B26A32B00466224 /* Preview Assets.xcassets in Resources */,
				F5EF01BA2B26A32B00466224 /* Assets.xcassets in Resources */,
			);
			runOnlyForDeploymentPostprocessing = 0;
		};
/* End PBXResourcesBuildPhase section */

/* Begin PBXSourcesBuildPhase section */
		F5EF01AE2B26A32A00466224 /* Sources */ = {
			isa = PBXSourcesBuildPhase;
			buildActionMask = 2147483647;
			files = (
				F5EF01B82B26A32A00466224 /* ApplicantListView.swift in Sources */,
				F5EF01C62B27942F00466224 /* StylingBootCampView.swift in Sources */,
				F5EF01C92B27F9CA00466224 /* RockPaperScissors.swift in Sources */,
				F54D75752B2FBF7600843BC0 /* MilkyWayCounterView.swift in Sources */,
				F5EF01B62B26A32A00466224 /* Grader3App.swift in Sources */,
			);
			runOnlyForDeploymentPostprocessing = 0;
		};
/* End PBXSourcesBuildPhase section */

/* Begin XCBuildConfiguration section */
		F5EF01BF2B26A32B00466224 /* Debug */ = {
			isa = XCBuildConfiguration;
			buildSettings = {
				ALWAYS_SEARCH_USER_PATHS = NO;
				ASSETCATALOG_COMPILER_GENERATE_SWIFT_ASSET_SYMBOL_EXTENSIONS = YES;
				CLANG_ANALYZER_NONNULL = YES;
				CLANG_ANALYZER_NUMBER_OBJECT_CONVERSION = YES_AGGRESSIVE;
				CLANG_CXX_LANGUAGE_STANDARD = "gnu++20";
				CLANG_ENABLE_MODULES = YES;
				CLANG_ENABLE_OBJC_ARC = YES;
				CLANG_ENABLE_OBJC_WEAK = YES;
				CLANG_WARN_BLOCK_CAPTURE_AUTORELEASING = YES;
				CLANG_WARN_BOOL_CONVERSION = YES;
				CLANG_WARN_COMMA = YES;
				CLANG_WARN_CONSTANT_CONVERSION = YES;
				CLANG_WARN_DEPRECATED_OBJC_IMPLEMENTATIONS = YES;
				CLANG_WARN_DIRECT_OBJC_ISA_USAGE = YES_ERROR;
				CLANG_WARN_DOCUMENTATION_COMMENTS = YES;
				CLANG_WARN_EMPTY_BODY = YES;
				CLANG_WARN_ENUM_CONVERSION = YES;
				CLANG_WARN_INFINITE_RECURSION = YES;
				CLANG_WARN_INT_CONVERSION = YES;
				CLANG_WARN_NON_LITERAL_NULL_CONVERSION = YES;
				CLANG_WARN_OBJC_IMPLICIT_RETAIN_SELF = YES;
				CLANG_WARN_OBJC_LITERAL_CONVERSION = YES;
				CLANG_WARN_OBJC_ROOT_CLASS = YES_ERROR;
				CLANG_WARN_QUOTED_INCLUDE_IN_FRAMEWORK_HEADER = YES;
				CLANG_WARN_RANGE_LOOP_ANALYSIS = YES;
				CLANG_WARN_STRICT_PROTOTYPES = YES;
				CLANG_WARN_SUSPICIOUS_MOVE = YES;
				CLANG_WARN_UNGUARDED_AVAILABILITY = YES_AGGRESSIVE;
				CLANG_WARN_UNREACHABLE_CODE = YES;
				CLANG_WARN__DUPLICATE_METHOD_MATCH = YES;
				COPY_PHASE_STRIP = NO;
				DEBUG_INFORMATION_FORMAT = dwarf;
				ENABLE_STRICT_OBJC_MSGSEND = YES;
				ENABLE_TESTABILITY = YES;
				ENABLE_USER_SCRIPT_SANDBOXING = YES;
				GCC_C_LANGUAGE_STANDARD = gnu17;
				GCC_DYNAMIC_NO_PIC = NO;
				GCC_NO_COMMON_BLOCKS = YES;
				GCC_OPTIMIZATION_LEVEL = 0;
				GCC_PREPROCESSOR_DEFINITIONS = (
					"DEBUG=1",
					"$(inherited)",
				);
				GCC_WARN_64_TO_32_BIT_CONVERSION = YES;
				GCC_WARN_ABOUT_RETURN_TYPE = YES_ERROR;
				GCC_WARN_UNDECLARED_SELECTOR = YES;
				GCC_WARN_UNINITIALIZED_AUTOS = YES_AGGRESSIVE;
				GCC_WARN_UNUSED_FUNCTION = YES;
				GCC_WARN_UNUSED_VARIABLE = YES;
				LOCALIZATION_PREFERS_STRING_CATALOGS = YES;
				MTL_ENABLE_DEBUG_INFO = INCLUDE_SOURCE;
				MTL_FAST_MATH = YES;
				ONLY_ACTIVE_ARCH = YES;
				SWIFT_ACTIVE_COMPILATION_CONDITIONS = "DEBUG $(inherited)";
				SWIFT_OPTIMIZATION_LEVEL = "-Onone";
			};
			name = Debug;
		};
		F5EF01C02B26A32B00466224 /* Release */ = {
			isa = XCBuildConfiguration;
			buildSettings = {
				ALWAYS_SEARCH_USER_PATHS = NO;
				ASSETCATALOG_COMPILER_GENERATE_SWIFT_ASSET_SYMBOL_EXTENSIONS = YES;
				CLANG_ANALYZER_NONNULL = YES;
				CLANG_ANALYZER_NUMBER_OBJECT_CONVERSION = YES_AGGRESSIVE;
				CLANG_CXX_LANGUAGE_STANDARD = "gnu++20";
				CLANG_ENABLE_MODULES = YES;
				CLANG_ENABLE_OBJC_ARC = YES;
				CLANG_ENABLE_OBJC_WEAK = YES;
				CLANG_WARN_BLOCK_CAPTURE_AUTORELEASING = YES;
				CLANG_WARN_BOOL_CONVERSION = YES;
				CLANG_WARN_COMMA = YES;
				CLANG_WARN_CONSTANT_CONVERSION = YES;
				CLANG_WARN_DEPRECATED_OBJC_IMPLEMENTATIONS = YES;
				CLANG_WARN_DIRECT_OBJC_ISA_USAGE = YES_ERROR;
				CLANG_WARN_DOCUMENTATION_COMMENTS = YES;
				CLANG_WARN_EMPTY_BODY = YES;
				CLANG_WARN_ENUM_CONVERSION = YES;
				CLANG_WARN_INFINITE_RECURSION = YES;
				CLANG_WARN_INT_CONVERSION = YES;
				CLANG_WARN_NON_LITERAL_NULL_CONVERSION = YES;
				CLANG_WARN_OBJC_IMPLICIT_RETAIN_SELF = YES;
				CLANG_WARN_OBJC_LITERAL_CONVERSION = YES;
				CLANG_WARN_OBJC_ROOT_CLASS = YES_ERROR;
				CLANG_WARN_QUOTED_INCLUDE_IN_FRAMEWORK_HEADER = YES;
				CLANG_WARN_RANGE_LOOP_ANALYSIS = YES;
				CLANG_WARN_STRICT_PROTOTYPES = YES;
				CLANG_WARN_SUSPICIOUS_MOVE = YES;
				CLANG_WARN_UNGUARDED_AVAILABILITY = YES_AGGRESSIVE;
				CLANG_WARN_UNREACHABLE_CODE = YES;
				CLANG_WARN__DUPLICATE_METHOD_MATCH = YES;
				COPY_PHASE_STRIP = NO;
				DEBUG_INFORMATION_FORMAT = "dwarf-with-dsym";
				ENABLE_NS_ASSERTIONS = NO;
				ENABLE_STRICT_OBJC_MSGSEND = YES;
				ENABLE_USER_SCRIPT_SANDBOXING = YES;
				GCC_C_LANGUAGE_STANDARD = gnu17;
				GCC_NO_COMMON_BLOCKS = YES;
				GCC_WARN_64_TO_32_BIT_CONVERSION = YES;
				GCC_WARN_ABOUT_RETURN_TYPE = YES_ERROR;
				GCC_WARN_UNDECLARED_SELECTOR = YES;
				GCC_WARN_UNINITIALIZED_AUTOS = YES_AGGRESSIVE;
				GCC_WARN_UNUSED_FUNCTION = YES;
				GCC_WARN_UNUSED_VARIABLE = YES;
				LOCALIZATION_PREFERS_STRING_CATALOGS = YES;
				MTL_ENABLE_DEBUG_INFO = NO;
				MTL_FAST_MATH = YES;
				SWIFT_COMPILATION_MODE = wholemodule;
			};
			name = Release;
		};
		F5EF01C22B26A32B00466224 /* Debug */ = {
			isa = XCBuildConfiguration;
			buildSettings = {
				ASSETCATALOG_COMPILER_APPICON_NAME = AppIcon;
				ASSETCATALOG_COMPILER_GLOBAL_ACCENT_COLOR_NAME = AccentColor;
				CODE_SIGN_ENTITLEMENTS = Grader3/Grader3.entitlements;
				CODE_SIGN_STYLE = Automatic;
				CURRENT_PROJECT_VERSION = 1;
				DEVELOPMENT_ASSET_PATHS = "\"Grader3/Preview Content\"";
				DEVELOPMENT_TEAM = G8823YM98W;
				ENABLE_HARDENED_RUNTIME = YES;
				ENABLE_PREVIEWS = YES;
				GENERATE_INFOPLIST_FILE = YES;
				"INFOPLIST_KEY_UIApplicationSceneManifest_Generation[sdk=iphoneos*]" = YES;
				"INFOPLIST_KEY_UIApplicationSceneManifest_Generation[sdk=iphonesimulator*]" = YES;
				"INFOPLIST_KEY_UIApplicationSupportsIndirectInputEvents[sdk=iphoneos*]" = YES;
				"INFOPLIST_KEY_UIApplicationSupportsIndirectInputEvents[sdk=iphonesimulator*]" = YES;
				"INFOPLIST_KEY_UILaunchScreen_Generation[sdk=iphoneos*]" = YES;
				"INFOPLIST_KEY_UILaunchScreen_Generation[sdk=iphonesimulator*]" = YES;
				"INFOPLIST_KEY_UIStatusBarStyle[sdk=iphoneos*]" = UIStatusBarStyleDefault;
				"INFOPLIST_KEY_UIStatusBarStyle[sdk=iphonesimulator*]" = UIStatusBarStyleDefault;
				INFOPLIST_KEY_UISupportedInterfaceOrientations_iPad = "UIInterfaceOrientationPortrait UIInterfaceOrientationPortraitUpsideDown UIInterfaceOrientationLandscapeLeft UIInterfaceOrientationLandscapeRight";
				INFOPLIST_KEY_UISupportedInterfaceOrientations_iPhone = "UIInterfaceOrientationPortrait UIInterfaceOrientationLandscapeLeft UIInterfaceOrientationLandscapeRight";
				IPHONEOS_DEPLOYMENT_TARGET = 17.0;
				LD_RUNPATH_SEARCH_PATHS = "@executable_path/Frameworks";
				"LD_RUNPATH_SEARCH_PATHS[sdk=macosx*]" = "@executable_path/../Frameworks";
				MACOSX_DEPLOYMENT_TARGET = 14.0;
				MARKETING_VERSION = 1.0;
				PRODUCT_BUNDLE_IDENTIFIER = com.ImeldaYoon.Grader3;
				PRODUCT_NAME = "$(TARGET_NAME)";
				SDKROOT = auto;
				SUPPORTED_PLATFORMS = "iphoneos iphonesimulator macosx";
				SWIFT_EMIT_LOC_STRINGS = YES;
				SWIFT_VERSION = 5.0;
				TARGETED_DEVICE_FAMILY = "1,2";
			};
			name = Debug;
		};
		F5EF01C32B26A32B00466224 /* Release */ = {
			isa = XCBuildConfiguration;
			buildSettings = {
				ASSETCATALOG_COMPILER_APPICON_NAME = AppIcon;
				ASSETCATALOG_COMPILER_GLOBAL_ACCENT_COLOR_NAME = AccentColor;
				CODE_SIGN_ENTITLEMENTS = Grader3/Grader3.entitlements;
				CODE_SIGN_STYLE = Automatic;
				CURRENT_PROJECT_VERSION = 1;
				DEVELOPMENT_ASSET_PATHS = "\"Grader3/Preview Content\"";
				DEVELOPMENT_TEAM = G8823YM98W;
				ENABLE_HARDENED_RUNTIME = YES;
				ENABLE_PREVIEWS = YES;
				GENERATE_INFOPLIST_FILE = YES;
				"INFOPLIST_KEY_UIApplicationSceneManifest_Generation[sdk=iphoneos*]" = YES;
				"INFOPLIST_KEY_UIApplicationSceneManifest_Generation[sdk=iphonesimulator*]" = YES;
				"INFOPLIST_KEY_UIApplicationSupportsIndirectInputEvents[sdk=iphoneos*]" = YES;
				"INFOPLIST_KEY_UIApplicationSupportsIndirectInputEvents[sdk=iphonesimulator*]" = YES;
				"INFOPLIST_KEY_UILaunchScreen_Generation[sdk=iphoneos*]" = YES;
				"INFOPLIST_KEY_UILaunchScreen_Generation[sdk=iphonesimulator*]" = YES;
				"INFOPLIST_KEY_UIStatusBarStyle[sdk=iphoneos*]" = UIStatusBarStyleDefault;
				"INFOPLIST_KEY_UIStatusBarStyle[sdk=iphonesimulator*]" = UIStatusBarStyleDefault;
				INFOPLIST_KEY_UISupportedInterfaceOrientations_iPad = "UIInterfaceOrientationPortrait UIInterfaceOrientationPortraitUpsideDown UIInterfaceOrientationLandscapeLeft UIInterfaceOrientationLandscapeRight";
				INFOPLIST_KEY_UISupportedInterfaceOrientations_iPhone = "UIInterfaceOrientationPortrait UIInterfaceOrientationLandscapeLeft UIInterfaceOrientationLandscapeRight";
				IPHONEOS_DEPLOYMENT_TARGET = 17.0;
				LD_RUNPATH_SEARCH_PATHS = "@executable_path/Frameworks";
				"LD_RUNPATH_SEARCH_PATHS[sdk=macosx*]" = "@executable_path/../Frameworks";
				MACOSX_DEPLOYMENT_TARGET = 14.0;
				MARKETING_VERSION = 1.0;
				PRODUCT_BUNDLE_IDENTIFIER = com.ImeldaYoon.Grader3;
				PRODUCT_NAME = "$(TARGET_NAME)";
				SDKROOT = auto;
				SUPPORTED_PLATFORMS = "iphoneos iphonesimulator macosx";
				SWIFT_EMIT_LOC_STRINGS = YES;
				SWIFT_VERSION = 5.0;
				TARGETED_DEVICE_FAMILY = "1,2";
			};
			name = Release;
		};
/* End XCBuildConfiguration section */

/* Begin XCConfigurationList section */
		F5EF01AD2B26A32A00466224 /* Build configuration list for PBXProject "Grader3" */ = {
			isa = XCConfigurationList;
			buildConfigurations = (
				F5EF01BF2B26A32B00466224 /* Debug */,
				F5EF01C02B26A32B00466224 /* Release */,
			);
			defaultConfigurationIsVisible = 0;
			defaultConfigurationName = Release;
		};
		F5EF01C12B26A32B00466224 /* Build configuration list for PBXNativeTarget "Grader3" */ = {
			isa = XCConfigurationList;
			buildConfigurations = (
				F5EF01C22B26A32B00466224 /* Debug */,
				F5EF01C32B26A32B00466224 /* Release */,
			);
			defaultConfigurationIsVisible = 0;
			defaultConfigurationName = Release;
		};
/* End XCConfigurationList section */
	};
	rootObject = F5EF01AA2B26A32A00466224 /* Project object */;
}
